// !$*UTF8*$!
{
	archiveVersion = 1;
	classes = {
	};
	objectVersion = 56;
	objects = {

/* Begin PBXBuildFile section */
		50E47AB7A702474D92A3FC6F /* AppDelegate.swift in Sources */ = {isa = PBXBuildFile; fileRef = 9C014ED0F1DC4C8A916E4885 /* AppDelegate.swift */; };
		1B168AFF89B94E69AF60C9A9 /* SceneDelegate.swift in Sources */ = {isa = PBXBuildFile; fileRef = C047C74B0E86413F9F751FCE /* SceneDelegate.swift */; };
		3DAB08342FF04B09A899C1F2 /* ViewController.swift in Sources */ = {isa = PBXBuildFile; fileRef = 4237770884174B67B28A2A97 /* ViewController.swift */; };
		3130E20A69A84C6A875AB192 /* Assets.xcassets in Resources */ = {isa = PBXBuildFile; fileRef = E839C0BD043C485BA6174239 /* Assets.xcassets */; };
/* End PBXBuildFile section */

/* Begin PBXFileReference section */
		0B171EC16390492ABE667415 /* IPCoreMarketplace.app */ = {isa = PBXFileReference; explicitFileType = wrapper.application; includeInIndex = 0; path = IPCoreMarketplace.app; sourceTree = BUILT_PRODUCTS_DIR; };
		9C014ED0F1DC4C8A916E4885 /* AppDelegate.swift */ = {isa = PBXFileReference; lastKnownFileType = sourcecode.swift; path = AppDelegate.swift; sourceTree = "<group>"; };
		C047C74B0E86413F9F751FCE /* SceneDelegate.swift */ = {isa = PBXFileReference; lastKnownFileType = sourcecode.swift; path = SceneDelegate.swift; sourceTree = "<group>"; };
		4237770884174B67B28A2A97 /* ViewController.swift */ = {isa = PBXFileReference; lastKnownFileType = sourcecode.swift; path = ViewController.swift; sourceTree = "<group>"; };
		F7E688F0F2884081979BEFA9 /* Info.plist */ = {isa = PBXFileReference; lastKnownFileType = text.plist.xml; path = Info.plist; sourceTree = "<group>"; };
		E839C0BD043C485BA6174239 /* Assets.xcassets */ = {isa = PBXFileReference; lastKnownFileType = folder.assetcatalog; path = Assets.xcassets; sourceTree = "<group>"; };
/* End PBXFileReference section */

/* Begin PBXFrameworksBuildPhase section */
		3DEF508721F847D999D75EB8 /* Frameworks */ = {
			isa = PBXFrameworksBuildPhase;
			buildActionMask = 2147483647;
			files = (
			);
			runOnlyForDeploymentPostprocessing = 0;
		};
/* End PBXFrameworksBuildPhase section */

/* Begin PBXGroup section */
		74953D11CC0E4336AF296C57 /* = */ = {
			isa = PBXGroup;
			children = (
				B22D05D52E6B4984B33E4318 /* IPCoreMarketplace */,
				B55A4BD278C04DB586A2293B /* Products */,
			);
			sourceTree = "<group>";
		};
		B55A4BD278C04DB586A2293B /* Products */ = {
			isa = PBXGroup;
			children = (
				0B171EC16390492ABE667415 /* IPCoreMarketplace.app */,
			);
			name = Products;
			sourceTree = "<group>";
		};
		B22D05D52E6B4984B33E4318 /* IPCoreMarketplace */ = {
			isa = PBXGroup;
			children = (
				9C014ED0F1DC4C8A916E4885 /* AppDelegate.swift */,
				C047C74B0E86413F9F751FCE /* SceneDelegate.swift */,
				4237770884174B67B28A2A97 /* ViewController.swift */,
				E839C0BD043C485BA6174239 /* Assets.xcassets */,
				F7E688F0F2884081979BEFA9 /* Info.plist */,
			);
			path = IPCoreMarketplace;
			sourceTree = "<group>";
		};
/* End PBXGroup section */

/* Begin PBXNativeTarget section */
		5DAB0D22FC1E4A1BA27104C8 /* IPCoreMarketplace */ = {
			isa = PBXNativeTarget;
			buildConfigurationList = 5DAB0D22FC1E4A1BA27104C8_CONFIG_LIST /* Build configuration list for PBXNativeTarget "IPCoreMarketplace" */;
			buildPhases = (
				413ADAB7397E4371AE2F1979 /* Sources */,
				3DEF508721F847D999D75EB8 /* Frameworks */,
				E17EFFCA1D4E4F8AA1621372 /* Resources */,
			);
			buildRules = (
			);
			dependencies = (
			);
			name = IPCoreMarketplace;
			productName = IPCoreMarketplace;
			productReference = 0B171EC16390492ABE667415 /* IPCoreMarketplace.app */;
			productType = "com.apple.product-type.application";
		};
/* End PBXNativeTarget section */

/* Begin PBXProject section */
		F67E6C6FC83F44A0820F3CD2 /* Project object */ = {
			isa = PBXProject;
			attributes = {
				BuildIndependentTargetsInParallel = 1;
				LastSwiftUpdateCheck = 1500;
				LastUpgradeCheck = 1500;
				TargetAttributes = {
					5DAB0D22FC1E4A1BA27104C8 = {
						CreatedOnToolsVersion = 15.0;
					};
				};
			};
			buildConfigurationList = F67E6C6FC83F44A0820F3CD2_CONFIG_LIST /* Build configuration list for PBXProject "IPCoreMarketplace" */;
			compatibilityVersion = "Xcode 14.0";
			developmentRegion = en;
			hasScannedForEncodings = 0;
			knownRegions = (
				en,
				Base,
			);
			mainGroup = 74953D11CC0E4336AF296C57;
			productRefGroup = B55A4BD278C04DB586A2293B /* Products */;
			projectDirPath = "";
			projectRoot = "";
			targets = (
				5DAB0D22FC1E4A1BA27104C8 /* IPCoreMarketplace */,
			);
		};
/* End PBXProject section */

/* Begin PBXResourcesBuildPhase section */
		E17EFFCA1D4E4F8AA1621372 /* Resources */ = {
			isa = PBXResourcesBuildPhase;
			buildActionMask = 2147483647;
			files = (
				3130E20A69A84C6A875AB192 /* Assets.xcassets in Resources */,
			);
			runOnlyForDeploymentPostprocessing = 0;
		};
/* End PBXResourcesBuildPhase section */

/* Begin PBXSourcesBuildPhase section */
		413ADAB7397E4371AE2F1979 /* Sources */ = {
			isa = PBXSourcesBuildPhase;
			buildActionMask = 2147483647;
			files = (
				1B168AFF89B94E69AF60C9A9 /* SceneDelegate.swift in Sources */,
				50E47AB7A702474D92A3FC6F /* AppDelegate.swift in Sources */,
				3DAB08342FF04B09A899C1F2 /* ViewController.swift in Sources */,
			);
			runOnlyForDeploymentPostprocessing = 0;
		};
/* End PBXSourcesBuildPhase section */

/* Begin XCBuildConfiguration section */
		B027F85AAB0A4E2FBF243721 /* Debug */ = {
			isa = XCBuildConfiguration;
			buildSettings = {
				ALWAYS_SEARCH_USER_PATHS = NO;
				ASSETCATALOG_COMPILER_GENERATE_SWIFT_ASSET_SYMBOL_EXTENSIONS = YES;
				CLANG_ANALYZER_NONNULL = YES;
				CLANG_CXX_LANGUAGE_STANDARD = "gnu++20";
				CLANG_ENABLE_MODULES = YES;
				CLANG_ENABLE_OBJC_ARC = YES;
				CLANG_ENABLE_OBJC_WEAK = YES;
				COPY_PHASE_STRIP = NO;
				DEBUG_INFORMATION_FORMAT = dwarf;
				ENABLE_STRICT_OBJC_MSGSEND = YES;
				ENABLE_TESTABILITY = YES;
				GCC_C_LANGUAGE_STANDARD = gnu17;
				GCC_DYNAMIC_NO_PIC = NO;
				GCC_NO_COMMON_BLOCKS = YES;
				GCC_OPTIMIZATION_LEVEL = 0;
				GCC_PREPROCESSOR_DEFINITIONS = (
					"DEBUG=1",
					"$(inherited)",
				);
				IPHONEOS_DEPLOYMENT_TARGET = 16.0;
				MTL_ENABLE_DEBUG_INFO = INCLUDE_SOURCE;
				MTL_FAST_MATH = YES;
				ONLY_ACTIVE_ARCH = YES;
				SDKROOT = iphoneos;
				SWIFT_ACTIVE_COMPILATION_CONDITIONS = DEBUG;
				SWIFT_OPTIMIZATION_LEVEL = "-Onone";
			};
			name = Debug;
		};
		57AE0EE9F8914FF1AE711C1A /* Release */ = {
			isa = XCBuildConfiguration;
			buildSettings = {
				ALWAYS_SEARCH_USER_PATHS = NO;
				ASSETCATALOG_COMPILER_GENERATE_SWIFT_ASSET_SYMBOL_EXTENSIONS = YES;
				CLANG_ANALYZER_NONNULL = YES;
				CLANG_CXX_LANGUAGE_LANGUAGE_STANDARD = "gnu++20";
				CLANG_ENABLE_MODULES = YES;
				CLANG_ENABLE_OBJC_ARC = YES;
				CLANG_ENABLE_OBJC_WEAK = YES;
				COPY_PHASE_STRIP = NO;
				DEBUG_INFORMATION_FORMAT = "dwarf-with-dsym";
				ENABLE_NS_ASSERTIONS = NO;
				ENABLE_STRICT_OBJC_MSGSEND = YES;
				GCC_C_LANGUAGE_STANDARD = gnu17;
				GCC_NO_COMMON_BLOCKS = YES;
				IPHONEOS_DEPLOYMENT_TARGET = 16.0;
				MTL_FAST_MATH = YES;
				SDKROOT = iphoneos;
				SWIFT_COMPILATION_MODE = wholemodule;
				SWIFT_OPTIMIZATION_LEVEL = "-O";
				VALIDATE_PRODUCT = YES;
			};
			name = Release;
		};
		DD3AA92426B748DFBAE55287 /* Debug */ = {
			isa = XCBuildConfiguration;
			buildSettings = {
				ASSETCATALOG_COMPILER_APPICON_NAME = AppIcon;
				ASSETCATALOG_COMPILER_GLOBAL_ACCENT_COLOR_NAME = AccentColor;
				CODE_SIGN_STYLE = Automatic;
				CURRENT_PROJECT_VERSION = 2;
				GENERATE_INFOPLIST_FILE = NO;
				INFOPLIST_FILE = IPCoreMarketplace/Info.plist;
				LD_RUNPATH_SEARCH_PATHS = (
					"$(inherited)",
					"@executable_path/Frameworks",
				);
				MARKETING_VERSION = 1.0;
				PRODUCT_BUNDLE_IDENTIFIER = com.jrwtech.ipcoremarketplace;
				PRODUCT_NAME = "$(TARGET_NAME)";
				SWIFT_EMIT_LOC_STRINGS = YES;
				SWIFT_VERSION = 5.0;
				TARGETED_DEVICE_FAMILY = "1";
			};
			name = Debug;
		};
		7E39A784EA0E4D04A83CB195 /* Release */ = {
			isa = XCBuildConfiguration;
			buildSettings = {
				ASSETCATALOG_COMPILER_APPICON_NAME = AppIcon;
				ASSETCATALOG_COMPILER_GLOBAL_ACCENT_COLOR_NAME = AccentColor;
				CODE_SIGN_STYLE = Automatic;
				CURRENT_PROJECT_VERSION = 2;
				GENERATE_INFOPLIST_FILE = NO;
				INFOPLIST_FILE = IPCoreMarketplace/Info.plist;
				LD_RUNPATH_SEARCH_PATHS = (
					"$(inherited)",
					"@executable_path/Frameworks",
				);
				MARKETING_VERSION = 1.0;
				PRODUCT_BUNDLE_IDENTIFIER = com.jrwtech.ipcoremarketplace;
				PRODUCT_NAME = "$(TARGET_NAME)";
				SWIFT_EMIT_LOC_STRINGS = YES;
				SWIFT_VERSION = 5.0;
				TARGETED_DEVICE_FAMILY = "1";
			};
			name = Release;
		};
/* End XCBuildConfiguration section */

/* Begin XCConfigurationList section */
		F67E6C6FC83F44A0820F3CD2_CONFIG_LIST /* Build configuration list for PBXProject "IPCoreMarketplace" */ = {
			isa = XCConfigurationList;
			buildConfigurations = (
				B027F85AAB0A4E2FBF243721 /* Debug */,
				57AE0EE9F8914FF1AE711C1A /* Release */,
			);
			defaultConfigurationIsVisible = 0;
			defaultConfigurationName = Release;
		};
		5DAB0D22FC1E4A1BA27104C8_CONFIG_LIST /* Build configuration list for PBXNativeTarget "IPCoreMarketplace" */ = {
			isa = XCConfigurationList;
			buildConfigurations = (
				DD3AA92426B748DFBAE55287 /* Debug */,
				7E39A784EA0E4D04A83CB195 /* Release */,
			);
			defaultConfigurationIsVisible = 0;
			defaultConfigurationName = Release;
		};
/* End XCConfigurationList section */
	};
	rootObject = F67E6C6FC83F44A0820F3CD2 /* Project object */;
}
