// !$*UTF8*$!
{
	archiveVersion = 1;
	classes = {
	};
	objectVersion = 56;
	objects = {

/* Begin PBXBuildFile section */
		786E08C189C9408C84445EA8 /* AppDelegate.swift in Sources */ = {isa = PBXBuildFile; fileRef = 020D229049454FF0B7DE9C9F /* AppDelegate.swift */; };
		C84DE3DA2EEF4799958EDC94 /* SceneDelegate.swift in Sources */ = {isa = PBXBuildFile; fileRef = A82693A44E834694AFC820D3 /* SceneDelegate.swift */; };
		6257BDF5CBA745DABA6B425A /* ViewController.swift in Sources */ = {isa = PBXBuildFile; fileRef = F5915707006B4804B35637FC /* ViewController.swift */; };
		8C7E427E2FBB439B98F21778 /* Assets.xcassets in Resources */ = {isa = PBXBuildFile; fileRef = FF493DCEC59A40C287DFCB97 /* Assets.xcassets */; };
		0A9B12F90D4C4AF9A03806D1 /* LaunchScreen.storyboard in Resources */ = {isa = PBXBuildFile; fileRef = AE884E4641A4443D86DA94D3 /* LaunchScreen.storyboard */; };
/* End PBXBuildFile section */

/* Begin PBXFileReference section */
		0AF8B62E6CC348929C5349A3 /* ServerForge.app */ = {isa = PBXFileReference; explicitFileType = wrapper.application; includeInIndex = 0; path = ServerForge.app; sourceTree = BUILT_PRODUCTS_DIR; };
		020D229049454FF0B7DE9C9F /* AppDelegate.swift */ = {isa = PBXFileReference; lastKnownFileType = sourcecode.swift; path = AppDelegate.swift; sourceTree = "<group>"; };
		A82693A44E834694AFC820D3 /* SceneDelegate.swift */ = {isa = PBXFileReference; lastKnownFileType = sourcecode.swift; path = SceneDelegate.swift; sourceTree = "<group>"; };
		F5915707006B4804B35637FC /* ViewController.swift */ = {isa = PBXFileReference; lastKnownFileType = sourcecode.swift; path = ViewController.swift; sourceTree = "<group>"; };
		000D305252374E2BB3B2A727 /* Info.plist */ = {isa = PBXFileReference; lastKnownFileType = text.plist.xml; path = Info.plist; sourceTree = "<group>"; };
		FF493DCEC59A40C287DFCB97 /* Assets.xcassets */ = {isa = PBXFileReference; lastKnownFileType = folder.assetcatalog; path = Assets.xcassets; sourceTree = "<group>"; };
		AE884E4641A4443D86DA94D3 /* LaunchScreen.storyboard */ = {isa = PBXFileReference; lastKnownFileType = file.storyboard; path = LaunchScreen.storyboard; sourceTree = "<group>"; };
/* End PBXFileReference section */

/* Begin PBXFrameworksBuildPhase section */
		230506A5FFEE46A99ED760E4 /* Frameworks */ = {
			isa = PBXFrameworksBuildPhase;
			buildActionMask = 2147483647;
			files = (
			);
			runOnlyForDeploymentPostprocessing = 0;
		};
/* End PBXFrameworksBuildPhase section */

/* Begin PBXGroup section */
		0469300DAC964DAAB3F4AC03 /* = */ = {
			isa = PBXGroup;
			children = (
				CB5F23E0FA6A4B96AA07FBB5 /* ServerForge */,
				48B291CA3CAD4462AD24ADC1 /* Products */,
			);
			sourceTree = "<group>";
		};
		48B291CA3CAD4462AD24ADC1 /* Products */ = {
			isa = PBXGroup;
			children = (
				0AF8B62E6CC348929C5349A3 /* ServerForge.app */,
			);
			name = Products;
			sourceTree = "<group>";
		};
		CB5F23E0FA6A4B96AA07FBB5 /* ServerForge */ = {
			isa = PBXGroup;
			children = (
				020D229049454FF0B7DE9C9F /* AppDelegate.swift */,
				A82693A44E834694AFC820D3 /* SceneDelegate.swift */,
				F5915707006B4804B35637FC /* ViewController.swift */,
				FF493DCEC59A40C287DFCB97 /* Assets.xcassets */,
				AE884E4641A4443D86DA94D3 /* LaunchScreen.storyboard */,
				000D305252374E2BB3B2A727 /* Info.plist */,
			);
			path = ServerForge;
			sourceTree = "<group>";
		};
/* End PBXGroup section */

/* Begin PBXNativeTarget section */
		2214B6B80E0B4C0D947E738C /* ServerForge */ = {
			isa = PBXNativeTarget;
			buildConfigurationList = 2214B6B80E0B4C0D947E738C_CONFIG_LIST /* Build configuration list for PBXNativeTarget "ServerForge" */;
			buildPhases = (
				7CC38DA14949413FBEAC9A9E /* Sources */,
				230506A5FFEE46A99ED760E4 /* Frameworks */,
				EE1B72483C6549F7BD94A042 /* Resources */,
			);
			buildRules = (
			);
			dependencies = (
			);
			name = ServerForge;
			productName = ServerForge;
			productReference = 0AF8B62E6CC348929C5349A3 /* ServerForge.app */;
			productType = "com.apple.product-type.application";
		};
/* End PBXNativeTarget section */

/* Begin PBXProject section */
		8C1AABE614314CD4BD59B014 /* Project object */ = {
			isa = PBXProject;
			attributes = {
				BuildIndependentTargetsInParallel = 1;
				LastSwiftUpdateCheck = 1500;
				LastUpgradeCheck = 1500;
				TargetAttributes = {
					2214B6B80E0B4C0D947E738C = {
						CreatedOnToolsVersion = 15.0;
					};
				};
			};
			buildConfigurationList = 8C1AABE614314CD4BD59B014_CONFIG_LIST /* Build configuration list for PBXProject "ServerForge" */;
			compatibilityVersion = "Xcode 14.0";
			developmentRegion = en;
			hasScannedForEncodings = 0;
			knownRegions = (
				en,
				Base,
			);
			mainGroup = 0469300DAC964DAAB3F4AC03;
			productRefGroup = 48B291CA3CAD4462AD24ADC1 /* Products */;
			projectDirPath = "";
			projectRoot = "";
			targets = (
				2214B6B80E0B4C0D947E738C /* ServerForge */,
			);
		};
/* End PBXProject section */

/* Begin PBXResourcesBuildPhase section */
		EE1B72483C6549F7BD94A042 /* Resources */ = {
			isa = PBXResourcesBuildPhase;
			buildActionMask = 2147483647;
			files = (
				0A9B12F90D4C4AF9A03806D1 /* LaunchScreen.storyboard in Resources */,
				8C7E427E2FBB439B98F21778 /* Assets.xcassets in Resources */,
			);
			runOnlyForDeploymentPostprocessing = 0;
		};
/* End PBXResourcesBuildPhase section */

/* Begin PBXSourcesBuildPhase section */
		7CC38DA14949413FBEAC9A9E /* Sources */ = {
			isa = PBXSourcesBuildPhase;
			buildActionMask = 2147483647;
			files = (
				C84DE3DA2EEF4799958EDC94 /* SceneDelegate.swift in Sources */,
				786E08C189C9408C84445EA8 /* AppDelegate.swift in Sources */,
				6257BDF5CBA745DABA6B425A /* ViewController.swift in Sources */,
			);
			runOnlyForDeploymentPostprocessing = 0;
		};
/* End PBXSourcesBuildPhase section */

/* Begin XCBuildConfiguration section */
		6D87FA3788024098A20CE743 /* Debug */ = {
			isa = XCBuildConfiguration;
			buildSettings = {
				ALWAYS_SEARCH_USER_PATHS = NO;
				ASSETCATALOG_COMPILER_GENERATE_SWIFT_ASSET_SYMBOL_EXTENSIONS = YES;
				CLANG_ANALYZER_NONNULL = YES;
				CLANG_CXX_LANGUAGE_STANDARD = "gnu++20";
				CLANG_ENABLE_MODULES = YES;
				CLANG_ENABLE_OBJC_ARC = YES;
				CLANG_ENABLE_OBJC_WEAK = YES;
				COPY_PHASE_STRIP = NO;
				DEBUG_INFORMATION_FORMAT = dwarf;
				ENABLE_STRICT_OBJC_MSGSEND = YES;
				ENABLE_TESTABILITY = YES;
				GCC_C_LANGUAGE_STANDARD = gnu17;
				GCC_DYNAMIC_NO_PIC = NO;
				GCC_NO_COMMON_BLOCKS = YES;
				GCC_OPTIMIZATION_LEVEL = 0;
				GCC_PREPROCESSOR_DEFINITIONS = (
					"DEBUG=1",
					"$(inherited)",
				);
				IPHONEOS_DEPLOYMENT_TARGET = 16.0;
				MTL_ENABLE_DEBUG_INFO = INCLUDE_SOURCE;
				MTL_FAST_MATH = YES;
				ONLY_ACTIVE_ARCH = YES;
				SDKROOT = iphoneos;
				SWIFT_ACTIVE_COMPILATION_CONDITIONS = DEBUG;
				SWIFT_OPTIMIZATION_LEVEL = "-Onone";
			};
			name = Debug;
		};
		1232E7F4047D4F2195700CE0 /* Release */ = {
			isa = XCBuildConfiguration;
			buildSettings = {
				ALWAYS_SEARCH_USER_PATHS = NO;
				ASSETCATALOG_COMPILER_GENERATE_SWIFT_ASSET_SYMBOL_EXTENSIONS = YES;
				CLANG_ANALYZER_NONNULL = YES;
				CLANG_CXX_LANGUAGE_LANGUAGE_STANDARD = "gnu++20";
				CLANG_ENABLE_MODULES = YES;
				CLANG_ENABLE_OBJC_ARC = YES;
				CLANG_ENABLE_OBJC_WEAK = YES;
				COPY_PHASE_STRIP = NO;
				DEBUG_INFORMATION_FORMAT = "dwarf-with-dsym";
				ENABLE_NS_ASSERTIONS = NO;
				ENABLE_STRICT_OBJC_MSGSEND = YES;
				GCC_C_LANGUAGE_STANDARD = gnu17;
				GCC_NO_COMMON_BLOCKS = YES;
				IPHONEOS_DEPLOYMENT_TARGET = 16.0;
				MTL_FAST_MATH = YES;
				SDKROOT = iphoneos;
				SWIFT_COMPILATION_MODE = wholemodule;
				SWIFT_OPTIMIZATION_LEVEL = "-O";
				VALIDATE_PRODUCT = YES;
			};
			name = Release;
		};
		0279189E23E246D1B3B3BC42 /* Debug */ = {
			isa = XCBuildConfiguration;
			buildSettings = {
				ASSETCATALOG_COMPILER_APPICON_NAME = AppIcon;
				ASSETCATALOG_COMPILER_GLOBAL_ACCENT_COLOR_NAME = AccentColor;
				CODE_SIGN_STYLE = Automatic;
				CURRENT_PROJECT_VERSION = 2;
				GENERATE_INFOPLIST_FILE = NO;
				INFOPLIST_FILE = ServerForge/Info.plist;
				LD_RUNPATH_SEARCH_PATHS = (
					"$(inherited)",
					"@executable_path/Frameworks",
				);
				MARKETING_VERSION = 1.0;
				PRODUCT_BUNDLE_IDENTIFIER = com.jameswilliams.serverforge;
				PRODUCT_NAME = "$(TARGET_NAME)";
				SWIFT_EMIT_LOC_STRINGS = YES;
				SWIFT_VERSION = 5.0;
				TARGETED_DEVICE_FAMILY = "1,2";
			};
			name = Debug;
		};
		160D740512CB4E1095D6D6FE /* Release */ = {
			isa = XCBuildConfiguration;
			buildSettings = {
				ASSETCATALOG_COMPILER_APPICON_NAME = AppIcon;
				ASSETCATALOG_COMPILER_GLOBAL_ACCENT_COLOR_NAME = AccentColor;
				CODE_SIGN_STYLE = Automatic;
				CURRENT_PROJECT_VERSION = 2;
				GENERATE_INFOPLIST_FILE = NO;
				INFOPLIST_FILE = ServerForge/Info.plist;
				LD_RUNPATH_SEARCH_PATHS = (
					"$(inherited)",
					"@executable_path/Frameworks",
				);
				MARKETING_VERSION = 1.0;
				PRODUCT_BUNDLE_IDENTIFIER = com.jameswilliams.serverforge;
				PRODUCT_NAME = "$(TARGET_NAME)";
				SWIFT_EMIT_LOC_STRINGS = YES;
				SWIFT_VERSION = 5.0;
				TARGETED_DEVICE_FAMILY = "1,2";
			};
			name = Release;
		};
/* End XCBuildConfiguration section */

/* Begin XCConfigurationList section */
		8C1AABE614314CD4BD59B014_CONFIG_LIST /* Build configuration list for PBXProject "ServerForge" */ = {
			isa = XCConfigurationList;
			buildConfigurations = (
				6D87FA3788024098A20CE743 /* Debug */,
				1232E7F4047D4F2195700CE0 /* Release */,
			);
			defaultConfigurationIsVisible = 0;
			defaultConfigurationName = Release;
		};
		2214B6B80E0B4C0D947E738C_CONFIG_LIST /* Build configuration list for PBXNativeTarget "ServerForge" */ = {
			isa = XCConfigurationList;
			buildConfigurations = (
				0279189E23E246D1B3B3BC42 /* Debug */,
				160D740512CB4E1095D6D6FE /* Release */,
			);
			defaultConfigurationIsVisible = 0;
			defaultConfigurationName = Release;
		};
/* End XCConfigurationList section */
	};
	rootObject = 8C1AABE614314CD4BD59B014 /* Project object */;
}
