// !$*UTF8*$!
{
	archiveVersion = 1;
	classes = {
	};
	objectVersion = 56;
	objects = {

/* Begin PBXBuildFile section */
		FA99519FB6D146DCB8CE160A /* AppDelegate.swift in Sources */ = {isa = PBXBuildFile; fileRef = 29176AF3EE47462FAFD98785 /* AppDelegate.swift */; };
		6796AE6C962C478A9FE2936E /* SceneDelegate.swift in Sources */ = {isa = PBXBuildFile; fileRef = 8220B5136CE6460AB129C64B /* SceneDelegate.swift */; };
		400AA58634174E128AA01D70 /* ViewController.swift in Sources */ = {isa = PBXBuildFile; fileRef = CAA68D9B84774EF0BDE3B63B /* ViewController.swift */; };
		A5C7A59A5D024D95A745D0E8 /* Assets.xcassets in Resources */ = {isa = PBXBuildFile; fileRef = 83BAD92EFA1C4C5FB2610654 /* Assets.xcassets */; };
/* End PBXBuildFile section */

/* Begin PBXFileReference section */
		505427B5272441F4836A8BF1 /* AquacultureBlueprints.app */ = {isa = PBXFileReference; explicitFileType = wrapper.application; includeInIndex = 0; path = AquacultureBlueprints.app; sourceTree = BUILT_PRODUCTS_DIR; };
		29176AF3EE47462FAFD98785 /* AppDelegate.swift */ = {isa = PBXFileReference; lastKnownFileType = sourcecode.swift; path = AppDelegate.swift; sourceTree = "<group>"; };
		8220B5136CE6460AB129C64B /* SceneDelegate.swift */ = {isa = PBXFileReference; lastKnownFileType = sourcecode.swift; path = SceneDelegate.swift; sourceTree = "<group>"; };
		CAA68D9B84774EF0BDE3B63B /* ViewController.swift */ = {isa = PBXFileReference; lastKnownFileType = sourcecode.swift; path = ViewController.swift; sourceTree = "<group>"; };
		8590944BF8024E7CB4E6913C /* Info.plist */ = {isa = PBXFileReference; lastKnownFileType = text.plist.xml; path = Info.plist; sourceTree = "<group>"; };
		83BAD92EFA1C4C5FB2610654 /* Assets.xcassets */ = {isa = PBXFileReference; lastKnownFileType = folder.assetcatalog; path = Assets.xcassets; sourceTree = "<group>"; };
/* End PBXFileReference section */

/* Begin PBXFrameworksBuildPhase section */
		D5055092EF894E6CB18EE876 /* Frameworks */ = {
			isa = PBXFrameworksBuildPhase;
			buildActionMask = 2147483647;
			files = (
			);
			runOnlyForDeploymentPostprocessing = 0;
		};
/* End PBXFrameworksBuildPhase section */

/* Begin PBXGroup section */
		78988B552D2F4D3084673A72 /* = */ = {
			isa = PBXGroup;
			children = (
				567D0368C5594CF29FF75CD5 /* AquacultureBlueprints */,
				4B263105229543B49268A69A /* Products */,
			);
			sourceTree = "<group>";
		};
		4B263105229543B49268A69A /* Products */ = {
			isa = PBXGroup;
			children = (
				505427B5272441F4836A8BF1 /* AquacultureBlueprints.app */,
			);
			name = Products;
			sourceTree = "<group>";
		};
		567D0368C5594CF29FF75CD5 /* AquacultureBlueprints */ = {
			isa = PBXGroup;
			children = (
				29176AF3EE47462FAFD98785 /* AppDelegate.swift */,
				8220B5136CE6460AB129C64B /* SceneDelegate.swift */,
				CAA68D9B84774EF0BDE3B63B /* ViewController.swift */,
				83BAD92EFA1C4C5FB2610654 /* Assets.xcassets */,
				8590944BF8024E7CB4E6913C /* Info.plist */,
			);
			path = AquacultureBlueprints;
			sourceTree = "<group>";
		};
/* End PBXGroup section */

/* Begin PBXNativeTarget section */
		A6BE461260B742B7ABFD0517 /* AquacultureBlueprints */ = {
			isa = PBXNativeTarget;
			buildConfigurationList = A6BE461260B742B7ABFD0517_CONFIG_LIST /* Build configuration list for PBXNativeTarget "AquacultureBlueprints" */;
			buildPhases = (
				AC1F2628553F49ECB73D07A2 /* Sources */,
				D5055092EF894E6CB18EE876 /* Frameworks */,
				1D345B79967C4B84AC90797F /* Resources */,
			);
			buildRules = (
			);
			dependencies = (
			);
			name = AquacultureBlueprints;
			productName = AquacultureBlueprints;
			productReference = 505427B5272441F4836A8BF1 /* AquacultureBlueprints.app */;
			productType = "com.apple.product-type.application";
		};
/* End PBXNativeTarget section */

/* Begin PBXProject section */
		B45818D0F4CF4504895F6F13 /* Project object */ = {
			isa = PBXProject;
			attributes = {
				BuildIndependentTargetsInParallel = 1;
				LastSwiftUpdateCheck = 1500;
				LastUpgradeCheck = 1500;
				TargetAttributes = {
					A6BE461260B742B7ABFD0517 = {
						CreatedOnToolsVersion = 15.0;
					};
				};
			};
			buildConfigurationList = B45818D0F4CF4504895F6F13_CONFIG_LIST /* Build configuration list for PBXProject "AquacultureBlueprints" */;
			compatibilityVersion = "Xcode 14.0";
			developmentRegion = en;
			hasScannedForEncodings = 0;
			knownRegions = (
				en,
				Base,
			);
			mainGroup = 78988B552D2F4D3084673A72;
			productRefGroup = 4B263105229543B49268A69A /* Products */;
			projectDirPath = "";
			projectRoot = "";
			targets = (
				A6BE461260B742B7ABFD0517 /* AquacultureBlueprints */,
			);
		};
/* End PBXProject section */

/* Begin PBXResourcesBuildPhase section */
		1D345B79967C4B84AC90797F /* Resources */ = {
			isa = PBXResourcesBuildPhase;
			buildActionMask = 2147483647;
			files = (
				A5C7A59A5D024D95A745D0E8 /* Assets.xcassets in Resources */,
			);
			runOnlyForDeploymentPostprocessing = 0;
		};
/* End PBXResourcesBuildPhase section */

/* Begin PBXSourcesBuildPhase section */
		AC1F2628553F49ECB73D07A2 /* Sources */ = {
			isa = PBXSourcesBuildPhase;
			buildActionMask = 2147483647;
			files = (
				6796AE6C962C478A9FE2936E /* SceneDelegate.swift in Sources */,
				FA99519FB6D146DCB8CE160A /* AppDelegate.swift in Sources */,
				400AA58634174E128AA01D70 /* ViewController.swift in Sources */,
			);
			runOnlyForDeploymentPostprocessing = 0;
		};
/* End PBXSourcesBuildPhase section */

/* Begin XCBuildConfiguration section */
		8CB4AE5D392E4DE8B0201483 /* Debug */ = {
			isa = XCBuildConfiguration;
			buildSettings = {
				ALWAYS_SEARCH_USER_PATHS = NO;
				ASSETCATALOG_COMPILER_GENERATE_SWIFT_ASSET_SYMBOL_EXTENSIONS = YES;
				CLANG_ANALYZER_NONNULL = YES;
				CLANG_CXX_LANGUAGE_STANDARD = "gnu++20";
				CLANG_ENABLE_MODULES = YES;
				CLANG_ENABLE_OBJC_ARC = YES;
				CLANG_ENABLE_OBJC_WEAK = YES;
				COPY_PHASE_STRIP = NO;
				DEBUG_INFORMATION_FORMAT = dwarf;
				ENABLE_STRICT_OBJC_MSGSEND = YES;
				ENABLE_TESTABILITY = YES;
				GCC_C_LANGUAGE_STANDARD = gnu17;
				GCC_DYNAMIC_NO_PIC = NO;
				GCC_NO_COMMON_BLOCKS = YES;
				GCC_OPTIMIZATION_LEVEL = 0;
				GCC_PREPROCESSOR_DEFINITIONS = (
					"DEBUG=1",
					"$(inherited)",
				);
				IPHONEOS_DEPLOYMENT_TARGET = 16.0;
				MTL_ENABLE_DEBUG_INFO = INCLUDE_SOURCE;
				MTL_FAST_MATH = YES;
				ONLY_ACTIVE_ARCH = YES;
				SDKROOT = iphoneos;
				SWIFT_ACTIVE_COMPILATION_CONDITIONS = DEBUG;
				SWIFT_OPTIMIZATION_LEVEL = "-Onone";
			};
			name = Debug;
		};
		0CCB99E660BB4A1BB8604DBE /* Release */ = {
			isa = XCBuildConfiguration;
			buildSettings = {
				ALWAYS_SEARCH_USER_PATHS = NO;
				ASSETCATALOG_COMPILER_GENERATE_SWIFT_ASSET_SYMBOL_EXTENSIONS = YES;
				CLANG_ANALYZER_NONNULL = YES;
				CLANG_CXX_LANGUAGE_LANGUAGE_STANDARD = "gnu++20";
				CLANG_ENABLE_MODULES = YES;
				CLANG_ENABLE_OBJC_ARC = YES;
				CLANG_ENABLE_OBJC_WEAK = YES;
				COPY_PHASE_STRIP = NO;
				DEBUG_INFORMATION_FORMAT = "dwarf-with-dsym";
				ENABLE_NS_ASSERTIONS = NO;
				ENABLE_STRICT_OBJC_MSGSEND = YES;
				GCC_C_LANGUAGE_STANDARD = gnu17;
				GCC_NO_COMMON_BLOCKS = YES;
				IPHONEOS_DEPLOYMENT_TARGET = 16.0;
				MTL_FAST_MATH = YES;
				SDKROOT = iphoneos;
				SWIFT_COMPILATION_MODE = wholemodule;
				SWIFT_OPTIMIZATION_LEVEL = "-O";
				VALIDATE_PRODUCT = YES;
			};
			name = Release;
		};
		3FF01C98BC894F388196E35A /* Debug */ = {
			isa = XCBuildConfiguration;
			buildSettings = {
				ASSETCATALOG_COMPILER_APPICON_NAME = AppIcon;
				ASSETCATALOG_COMPILER_GLOBAL_ACCENT_COLOR_NAME = AccentColor;
				CODE_SIGN_STYLE = Automatic;
				CURRENT_PROJECT_VERSION = 2;
				GENERATE_INFOPLIST_FILE = NO;
				INFOPLIST_FILE = AquacultureBlueprints/Info.plist;
				LD_RUNPATH_SEARCH_PATHS = (
					"$(inherited)",
					"@executable_path/Frameworks",
				);
				MARKETING_VERSION = 1.0;
				PRODUCT_BUNDLE_IDENTIFIER = com.jameswilliams.aquaculture;
				PRODUCT_NAME = "$(TARGET_NAME)";
				SWIFT_EMIT_LOC_STRINGS = YES;
				SWIFT_VERSION = 5.0;
				TARGETED_DEVICE_FAMILY = "1,2";
			};
			name = Debug;
		};
		CA08E4A2D6B24B47AE924776 /* Release */ = {
			isa = XCBuildConfiguration;
			buildSettings = {
				ASSETCATALOG_COMPILER_APPICON_NAME = AppIcon;
				ASSETCATALOG_COMPILER_GLOBAL_ACCENT_COLOR_NAME = AccentColor;
				CODE_SIGN_STYLE = Automatic;
				CURRENT_PROJECT_VERSION = 2;
				GENERATE_INFOPLIST_FILE = NO;
				INFOPLIST_FILE = AquacultureBlueprints/Info.plist;
				LD_RUNPATH_SEARCH_PATHS = (
					"$(inherited)",
					"@executable_path/Frameworks",
				);
				MARKETING_VERSION = 1.0;
				PRODUCT_BUNDLE_IDENTIFIER = com.jameswilliams.aquaculture;
				PRODUCT_NAME = "$(TARGET_NAME)";
				SWIFT_EMIT_LOC_STRINGS = YES;
				SWIFT_VERSION = 5.0;
				TARGETED_DEVICE_FAMILY = "1,2";
			};
			name = Release;
		};
/* End XCBuildConfiguration section */

/* Begin XCConfigurationList section */
		B45818D0F4CF4504895F6F13_CONFIG_LIST /* Build configuration list for PBXProject "AquacultureBlueprints" */ = {
			isa = XCConfigurationList;
			buildConfigurations = (
				8CB4AE5D392E4DE8B0201483 /* Debug */,
				0CCB99E660BB4A1BB8604DBE /* Release */,
			);
			defaultConfigurationIsVisible = 0;
			defaultConfigurationName = Release;
		};
		A6BE461260B742B7ABFD0517_CONFIG_LIST /* Build configuration list for PBXNativeTarget "AquacultureBlueprints" */ = {
			isa = XCConfigurationList;
			buildConfigurations = (
				3FF01C98BC894F388196E35A /* Debug */,
				CA08E4A2D6B24B47AE924776 /* Release */,
			);
			defaultConfigurationIsVisible = 0;
			defaultConfigurationName = Release;
		};
/* End XCConfigurationList section */
	};
	rootObject = B45818D0F4CF4504895F6F13 /* Project object */;
}
