// !$*UTF8*$!
{
	archiveVersion = 1;
	classes = {
	};
	objectVersion = 56;
	objects = {

/* Begin PBXBuildFile section */
		540300492C97499FBB3F3A0E /* AppDelegate.swift in Sources */ = {isa = PBXBuildFile; fileRef = A691CE51946E4C0785EC6302 /* AppDelegate.swift */; };
		70B87F00346A4B92A639A6F2 /* SceneDelegate.swift in Sources */ = {isa = PBXBuildFile; fileRef = DEF5E06923C341CBB2EBF861 /* SceneDelegate.swift */; };
		034B3AB419D44D4A9ECAF9B1 /* ViewController.swift in Sources */ = {isa = PBXBuildFile; fileRef = 416E17BE49DF481D9B7F78D2 /* ViewController.swift */; };
		2F9F2530786D458CA7AFC176 /* Assets.xcassets in Resources */ = {isa = PBXBuildFile; fileRef = FB74DD7E7A8D4E059D15FC15 /* Assets.xcassets */; };
		AB679532840C467CB5256876 /* LaunchScreen.storyboard in Resources */ = {isa = PBXBuildFile; fileRef = 92826290386D4E579390BE91 /* LaunchScreen.storyboard */; };
/* End PBXBuildFile section */

/* Begin PBXFileReference section */
		14BB74C028424C12940B991B /* CarbonXToken.app */ = {isa = PBXFileReference; explicitFileType = wrapper.application; includeInIndex = 0; path = CarbonXToken.app; sourceTree = BUILT_PRODUCTS_DIR; };
		A691CE51946E4C0785EC6302 /* AppDelegate.swift */ = {isa = PBXFileReference; lastKnownFileType = sourcecode.swift; path = AppDelegate.swift; sourceTree = "<group>"; };
		DEF5E06923C341CBB2EBF861 /* SceneDelegate.swift */ = {isa = PBXFileReference; lastKnownFileType = sourcecode.swift; path = SceneDelegate.swift; sourceTree = "<group>"; };
		416E17BE49DF481D9B7F78D2 /* ViewController.swift */ = {isa = PBXFileReference; lastKnownFileType = sourcecode.swift; path = ViewController.swift; sourceTree = "<group>"; };
		062B7572338C4CA0878EAC67 /* Info.plist */ = {isa = PBXFileReference; lastKnownFileType = text.plist.xml; path = Info.plist; sourceTree = "<group>"; };
		FB74DD7E7A8D4E059D15FC15 /* Assets.xcassets */ = {isa = PBXFileReference; lastKnownFileType = folder.assetcatalog; path = Assets.xcassets; sourceTree = "<group>"; };
		92826290386D4E579390BE91 /* LaunchScreen.storyboard */ = {isa = PBXFileReference; lastKnownFileType = file.storyboard; path = LaunchScreen.storyboard; sourceTree = "<group>"; };
/* End PBXFileReference section */

/* Begin PBXFrameworksBuildPhase section */
		75DF74C7930A4360B7069761 /* Frameworks */ = {
			isa = PBXFrameworksBuildPhase;
			buildActionMask = 2147483647;
			files = (
			);
			runOnlyForDeploymentPostprocessing = 0;
		};
/* End PBXFrameworksBuildPhase section */

/* Begin PBXGroup section */
		776F0ACC9B7A4BE89A735AC9 /* = */ = {
			isa = PBXGroup;
			children = (
				54811982D5DE4472A2E07B1F /* CarbonXToken */,
				E45C0963C21846E696575D0C /* Products */,
			);
			sourceTree = "<group>";
		};
		E45C0963C21846E696575D0C /* Products */ = {
			isa = PBXGroup;
			children = (
				14BB74C028424C12940B991B /* CarbonXToken.app */,
			);
			name = Products;
			sourceTree = "<group>";
		};
		54811982D5DE4472A2E07B1F /* CarbonXToken */ = {
			isa = PBXGroup;
			children = (
				A691CE51946E4C0785EC6302 /* AppDelegate.swift */,
				DEF5E06923C341CBB2EBF861 /* SceneDelegate.swift */,
				416E17BE49DF481D9B7F78D2 /* ViewController.swift */,
				FB74DD7E7A8D4E059D15FC15 /* Assets.xcassets */,
				92826290386D4E579390BE91 /* LaunchScreen.storyboard */,
				062B7572338C4CA0878EAC67 /* Info.plist */,
			);
			path = CarbonXToken;
			sourceTree = "<group>";
		};
/* End PBXGroup section */

/* Begin PBXNativeTarget section */
		260D78FA1E2940E9AE84701F /* CarbonXToken */ = {
			isa = PBXNativeTarget;
			buildConfigurationList = 260D78FA1E2940E9AE84701F_CONFIG_LIST /* Build configuration list for PBXNativeTarget "CarbonXToken" */;
			buildPhases = (
				FCF87C22D0B947A8B6CDF6F0 /* Sources */,
				75DF74C7930A4360B7069761 /* Frameworks */,
				905795655A134B9A9866B395 /* Resources */,
			);
			buildRules = (
			);
			dependencies = (
			);
			name = CarbonXToken;
			productName = CarbonXToken;
			productReference = 14BB74C028424C12940B991B /* CarbonXToken.app */;
			productType = "com.apple.product-type.application";
		};
/* End PBXNativeTarget section */

/* Begin PBXProject section */
		30B22217CBF6441C9C9A1710 /* Project object */ = {
			isa = PBXProject;
			attributes = {
				BuildIndependentTargetsInParallel = 1;
				LastSwiftUpdateCheck = 1500;
				LastUpgradeCheck = 1500;
				TargetAttributes = {
					260D78FA1E2940E9AE84701F = {
						CreatedOnToolsVersion = 15.0;
					};
				};
			};
			buildConfigurationList = 30B22217CBF6441C9C9A1710_CONFIG_LIST /* Build configuration list for PBXProject "CarbonXToken" */;
			compatibilityVersion = "Xcode 14.0";
			developmentRegion = en;
			hasScannedForEncodings = 0;
			knownRegions = (
				en,
				Base,
			);
			mainGroup = 776F0ACC9B7A4BE89A735AC9;
			productRefGroup = E45C0963C21846E696575D0C /* Products */;
			projectDirPath = "";
			projectRoot = "";
			targets = (
				260D78FA1E2940E9AE84701F /* CarbonXToken */,
			);
		};
/* End PBXProject section */

/* Begin PBXResourcesBuildPhase section */
		905795655A134B9A9866B395 /* Resources */ = {
			isa = PBXResourcesBuildPhase;
			buildActionMask = 2147483647;
			files = (
				AB679532840C467CB5256876 /* LaunchScreen.storyboard in Resources */,
				2F9F2530786D458CA7AFC176 /* Assets.xcassets in Resources */,
			);
			runOnlyForDeploymentPostprocessing = 0;
		};
/* End PBXResourcesBuildPhase section */

/* Begin PBXSourcesBuildPhase section */
		FCF87C22D0B947A8B6CDF6F0 /* Sources */ = {
			isa = PBXSourcesBuildPhase;
			buildActionMask = 2147483647;
			files = (
				70B87F00346A4B92A639A6F2 /* SceneDelegate.swift in Sources */,
				540300492C97499FBB3F3A0E /* AppDelegate.swift in Sources */,
				034B3AB419D44D4A9ECAF9B1 /* ViewController.swift in Sources */,
			);
			runOnlyForDeploymentPostprocessing = 0;
		};
/* End PBXSourcesBuildPhase section */

/* Begin XCBuildConfiguration section */
		0A066392E2D043C58348E44C /* Debug */ = {
			isa = XCBuildConfiguration;
			buildSettings = {
				ALWAYS_SEARCH_USER_PATHS = NO;
				ASSETCATALOG_COMPILER_GENERATE_SWIFT_ASSET_SYMBOL_EXTENSIONS = YES;
				CLANG_ANALYZER_NONNULL = YES;
				CLANG_CXX_LANGUAGE_STANDARD = "gnu++20";
				CLANG_ENABLE_MODULES = YES;
				CLANG_ENABLE_OBJC_ARC = YES;
				CLANG_ENABLE_OBJC_WEAK = YES;
				COPY_PHASE_STRIP = NO;
				DEBUG_INFORMATION_FORMAT = dwarf;
				ENABLE_STRICT_OBJC_MSGSEND = YES;
				ENABLE_TESTABILITY = YES;
				GCC_C_LANGUAGE_STANDARD = gnu17;
				GCC_DYNAMIC_NO_PIC = NO;
				GCC_NO_COMMON_BLOCKS = YES;
				GCC_OPTIMIZATION_LEVEL = 0;
				GCC_PREPROCESSOR_DEFINITIONS = (
					"DEBUG=1",
					"$(inherited)",
				);
				IPHONEOS_DEPLOYMENT_TARGET = 16.0;
				MTL_ENABLE_DEBUG_INFO = INCLUDE_SOURCE;
				MTL_FAST_MATH = YES;
				ONLY_ACTIVE_ARCH = YES;
				SDKROOT = iphoneos;
				SWIFT_ACTIVE_COMPILATION_CONDITIONS = DEBUG;
				SWIFT_OPTIMIZATION_LEVEL = "-Onone";
			};
			name = Debug;
		};
		064B23F9B1B440409DC74028 /* Release */ = {
			isa = XCBuildConfiguration;
			buildSettings = {
				ALWAYS_SEARCH_USER_PATHS = NO;
				ASSETCATALOG_COMPILER_GENERATE_SWIFT_ASSET_SYMBOL_EXTENSIONS = YES;
				CLANG_ANALYZER_NONNULL = YES;
				CLANG_CXX_LANGUAGE_LANGUAGE_STANDARD = "gnu++20";
				CLANG_ENABLE_MODULES = YES;
				CLANG_ENABLE_OBJC_ARC = YES;
				CLANG_ENABLE_OBJC_WEAK = YES;
				COPY_PHASE_STRIP = NO;
				DEBUG_INFORMATION_FORMAT = "dwarf-with-dsym";
				ENABLE_NS_ASSERTIONS = NO;
				ENABLE_STRICT_OBJC_MSGSEND = YES;
				GCC_C_LANGUAGE_STANDARD = gnu17;
				GCC_NO_COMMON_BLOCKS = YES;
				IPHONEOS_DEPLOYMENT_TARGET = 16.0;
				MTL_FAST_MATH = YES;
				SDKROOT = iphoneos;
				SWIFT_COMPILATION_MODE = wholemodule;
				SWIFT_OPTIMIZATION_LEVEL = "-O";
				VALIDATE_PRODUCT = YES;
			};
			name = Release;
		};
		DFA8BDA7EAEE4D4AB7BDF66E /* Debug */ = {
			isa = XCBuildConfiguration;
			buildSettings = {
				ASSETCATALOG_COMPILER_APPICON_NAME = AppIcon;
				ASSETCATALOG_COMPILER_GLOBAL_ACCENT_COLOR_NAME = AccentColor;
				CODE_SIGN_STYLE = Automatic;
				CURRENT_PROJECT_VERSION = 2;
				GENERATE_INFOPLIST_FILE = NO;
				INFOPLIST_FILE = CarbonXToken/Info.plist;
				LD_RUNPATH_SEARCH_PATHS = (
					"$(inherited)",
					"@executable_path/Frameworks",
				);
				MARKETING_VERSION = 1.0;
				PRODUCT_BUNDLE_IDENTIFIER = com.jameswilliams.carbonx;
				PRODUCT_NAME = "$(TARGET_NAME)";
				SWIFT_EMIT_LOC_STRINGS = YES;
				SWIFT_VERSION = 5.0;
				TARGETED_DEVICE_FAMILY = "1,2";
			};
			name = Debug;
		};
		B45DF604803A4D00AC23D408 /* Release */ = {
			isa = XCBuildConfiguration;
			buildSettings = {
				ASSETCATALOG_COMPILER_APPICON_NAME = AppIcon;
				ASSETCATALOG_COMPILER_GLOBAL_ACCENT_COLOR_NAME = AccentColor;
				CODE_SIGN_STYLE = Automatic;
				CURRENT_PROJECT_VERSION = 2;
				GENERATE_INFOPLIST_FILE = NO;
				INFOPLIST_FILE = CarbonXToken/Info.plist;
				LD_RUNPATH_SEARCH_PATHS = (
					"$(inherited)",
					"@executable_path/Frameworks",
				);
				MARKETING_VERSION = 1.0;
				PRODUCT_BUNDLE_IDENTIFIER = com.jameswilliams.carbonx;
				PRODUCT_NAME = "$(TARGET_NAME)";
				SWIFT_EMIT_LOC_STRINGS = YES;
				SWIFT_VERSION = 5.0;
				TARGETED_DEVICE_FAMILY = "1,2";
			};
			name = Release;
		};
/* End XCBuildConfiguration section */

/* Begin XCConfigurationList section */
		30B22217CBF6441C9C9A1710_CONFIG_LIST /* Build configuration list for PBXProject "CarbonXToken" */ = {
			isa = XCConfigurationList;
			buildConfigurations = (
				0A066392E2D043C58348E44C /* Debug */,
				064B23F9B1B440409DC74028 /* Release */,
			);
			defaultConfigurationIsVisible = 0;
			defaultConfigurationName = Release;
		};
		260D78FA1E2940E9AE84701F_CONFIG_LIST /* Build configuration list for PBXNativeTarget "CarbonXToken" */ = {
			isa = XCConfigurationList;
			buildConfigurations = (
				DFA8BDA7EAEE4D4AB7BDF66E /* Debug */,
				B45DF604803A4D00AC23D408 /* Release */,
			);
			defaultConfigurationIsVisible = 0;
			defaultConfigurationName = Release;
		};
/* End XCConfigurationList section */
	};
	rootObject = 30B22217CBF6441C9C9A1710 /* Project object */;
}
