// !$*UTF8*$!
{
	archiveVersion = 1;
	classes = {
	};
	objectVersion = 56;
	objects = {

/* Begin PBXBuildFile section */
		19321E85EB3641E399C672C9 /* AppDelegate.swift in Sources */ = {isa = PBXBuildFile; fileRef = 87496EF6DEAE4297A097544B /* AppDelegate.swift */; };
		0BE0F6AAFAB2404691C0D245 /* SceneDelegate.swift in Sources */ = {isa = PBXBuildFile; fileRef = 66918950AEF842AFAB1F6005 /* SceneDelegate.swift */; };
		B1A7351264834F469488408A /* ViewController.swift in Sources */ = {isa = PBXBuildFile; fileRef = C317E8DBFC2541AB953D54F3 /* ViewController.swift */; };
		B907D34FEE794EC4901DE5C8 /* Assets.xcassets in Resources */ = {isa = PBXBuildFile; fileRef = C3C027812679447781D065E0 /* Assets.xcassets */; };
		64A00981151A4859886106C2 /* LaunchScreen.storyboard in Resources */ = {isa = PBXBuildFile; fileRef = 66B4EFCF9E2F4363B306960F /* LaunchScreen.storyboard */; };
/* End PBXBuildFile section */

/* Begin PBXFileReference section */
		9FB62AF71FF14074A4D4C011 /* LuxuryHomePlans.app */ = {isa = PBXFileReference; explicitFileType = wrapper.application; includeInIndex = 0; path = LuxuryHomePlans.app; sourceTree = BUILT_PRODUCTS_DIR; };
		87496EF6DEAE4297A097544B /* AppDelegate.swift */ = {isa = PBXFileReference; lastKnownFileType = sourcecode.swift; path = AppDelegate.swift; sourceTree = "<group>"; };
		66918950AEF842AFAB1F6005 /* SceneDelegate.swift */ = {isa = PBXFileReference; lastKnownFileType = sourcecode.swift; path = SceneDelegate.swift; sourceTree = "<group>"; };
		C317E8DBFC2541AB953D54F3 /* ViewController.swift */ = {isa = PBXFileReference; lastKnownFileType = sourcecode.swift; path = ViewController.swift; sourceTree = "<group>"; };
		A787D4DBA72B421B95B2DDA0 /* Info.plist */ = {isa = PBXFileReference; lastKnownFileType = text.plist.xml; path = Info.plist; sourceTree = "<group>"; };
		C3C027812679447781D065E0 /* Assets.xcassets */ = {isa = PBXFileReference; lastKnownFileType = folder.assetcatalog; path = Assets.xcassets; sourceTree = "<group>"; };
		66B4EFCF9E2F4363B306960F /* LaunchScreen.storyboard */ = {isa = PBXFileReference; lastKnownFileType = file.storyboard; path = LaunchScreen.storyboard; sourceTree = "<group>"; };
/* End PBXFileReference section */

/* Begin PBXFrameworksBuildPhase section */
		2084A5173C9E45BD8A9EE4BF /* Frameworks */ = {
			isa = PBXFrameworksBuildPhase;
			buildActionMask = 2147483647;
			files = (
			);
			runOnlyForDeploymentPostprocessing = 0;
		};
/* End PBXFrameworksBuildPhase section */

/* Begin PBXGroup section */
		4AECD71E568B4123B14521C3 /* = */ = {
			isa = PBXGroup;
			children = (
				CB9FEC8D5B2F4288B6D87B18 /* LuxuryHomePlans */,
				D578F42C07CF48CF805C6F18 /* Products */,
			);
			sourceTree = "<group>";
		};
		D578F42C07CF48CF805C6F18 /* Products */ = {
			isa = PBXGroup;
			children = (
				9FB62AF71FF14074A4D4C011 /* LuxuryHomePlans.app */,
			);
			name = Products;
			sourceTree = "<group>";
		};
		CB9FEC8D5B2F4288B6D87B18 /* LuxuryHomePlans */ = {
			isa = PBXGroup;
			children = (
				87496EF6DEAE4297A097544B /* AppDelegate.swift */,
				66918950AEF842AFAB1F6005 /* SceneDelegate.swift */,
				C317E8DBFC2541AB953D54F3 /* ViewController.swift */,
				C3C027812679447781D065E0 /* Assets.xcassets */,
				66B4EFCF9E2F4363B306960F /* LaunchScreen.storyboard */,
				A787D4DBA72B421B95B2DDA0 /* Info.plist */,
			);
			path = LuxuryHomePlans;
			sourceTree = "<group>";
		};
/* End PBXGroup section */

/* Begin PBXNativeTarget section */
		3FF5392580DD4603B66BF95F /* LuxuryHomePlans */ = {
			isa = PBXNativeTarget;
			buildConfigurationList = 3FF5392580DD4603B66BF95F_CONFIG_LIST /* Build configuration list for PBXNativeTarget "LuxuryHomePlans" */;
			buildPhases = (
				02C1A2AFE6664A559E01510B /* Sources */,
				2084A5173C9E45BD8A9EE4BF /* Frameworks */,
				D31D0E454C9A442696DB6F7C /* Resources */,
			);
			buildRules = (
			);
			dependencies = (
			);
			name = LuxuryHomePlans;
			productName = LuxuryHomePlans;
			productReference = 9FB62AF71FF14074A4D4C011 /* LuxuryHomePlans.app */;
			productType = "com.apple.product-type.application";
		};
/* End PBXNativeTarget section */

/* Begin PBXProject section */
		281A5FB2E7DF4EBBAB8268C0 /* Project object */ = {
			isa = PBXProject;
			attributes = {
				BuildIndependentTargetsInParallel = 1;
				LastSwiftUpdateCheck = 1500;
				LastUpgradeCheck = 1500;
				TargetAttributes = {
					3FF5392580DD4603B66BF95F = {
						CreatedOnToolsVersion = 15.0;
					};
				};
			};
			buildConfigurationList = 281A5FB2E7DF4EBBAB8268C0_CONFIG_LIST /* Build configuration list for PBXProject "LuxuryHomePlans" */;
			compatibilityVersion = "Xcode 14.0";
			developmentRegion = en;
			hasScannedForEncodings = 0;
			knownRegions = (
				en,
				Base,
			);
			mainGroup = 4AECD71E568B4123B14521C3;
			productRefGroup = D578F42C07CF48CF805C6F18 /* Products */;
			projectDirPath = "";
			projectRoot = "";
			targets = (
				3FF5392580DD4603B66BF95F /* LuxuryHomePlans */,
			);
		};
/* End PBXProject section */

/* Begin PBXResourcesBuildPhase section */
		D31D0E454C9A442696DB6F7C /* Resources */ = {
			isa = PBXResourcesBuildPhase;
			buildActionMask = 2147483647;
			files = (
				64A00981151A4859886106C2 /* LaunchScreen.storyboard in Resources */,
				B907D34FEE794EC4901DE5C8 /* Assets.xcassets in Resources */,
			);
			runOnlyForDeploymentPostprocessing = 0;
		};
/* End PBXResourcesBuildPhase section */

/* Begin PBXSourcesBuildPhase section */
		02C1A2AFE6664A559E01510B /* Sources */ = {
			isa = PBXSourcesBuildPhase;
			buildActionMask = 2147483647;
			files = (
				0BE0F6AAFAB2404691C0D245 /* SceneDelegate.swift in Sources */,
				19321E85EB3641E399C672C9 /* AppDelegate.swift in Sources */,
				B1A7351264834F469488408A /* ViewController.swift in Sources */,
			);
			runOnlyForDeploymentPostprocessing = 0;
		};
/* End PBXSourcesBuildPhase section */

/* Begin XCBuildConfiguration section */
		C5A788BE0689427BA608DCAD /* Debug */ = {
			isa = XCBuildConfiguration;
			buildSettings = {
				ALWAYS_SEARCH_USER_PATHS = NO;
				ASSETCATALOG_COMPILER_GENERATE_SWIFT_ASSET_SYMBOL_EXTENSIONS = YES;
				CLANG_ANALYZER_NONNULL = YES;
				CLANG_CXX_LANGUAGE_STANDARD = "gnu++20";
				CLANG_ENABLE_MODULES = YES;
				CLANG_ENABLE_OBJC_ARC = YES;
				CLANG_ENABLE_OBJC_WEAK = YES;
				COPY_PHASE_STRIP = NO;
				DEBUG_INFORMATION_FORMAT = dwarf;
				ENABLE_STRICT_OBJC_MSGSEND = YES;
				ENABLE_TESTABILITY = YES;
				GCC_C_LANGUAGE_STANDARD = gnu17;
				GCC_DYNAMIC_NO_PIC = NO;
				GCC_NO_COMMON_BLOCKS = YES;
				GCC_OPTIMIZATION_LEVEL = 0;
				GCC_PREPROCESSOR_DEFINITIONS = (
					"DEBUG=1",
					"$(inherited)",
				);
				IPHONEOS_DEPLOYMENT_TARGET = 16.0;
				MTL_ENABLE_DEBUG_INFO = INCLUDE_SOURCE;
				MTL_FAST_MATH = YES;
				ONLY_ACTIVE_ARCH = YES;
				SDKROOT = iphoneos;
				SWIFT_ACTIVE_COMPILATION_CONDITIONS = DEBUG;
				SWIFT_OPTIMIZATION_LEVEL = "-Onone";
			};
			name = Debug;
		};
		CB0984B673EF4F18A379AC08 /* Release */ = {
			isa = XCBuildConfiguration;
			buildSettings = {
				ALWAYS_SEARCH_USER_PATHS = NO;
				ASSETCATALOG_COMPILER_GENERATE_SWIFT_ASSET_SYMBOL_EXTENSIONS = YES;
				CLANG_ANALYZER_NONNULL = YES;
				CLANG_CXX_LANGUAGE_LANGUAGE_STANDARD = "gnu++20";
				CLANG_ENABLE_MODULES = YES;
				CLANG_ENABLE_OBJC_ARC = YES;
				CLANG_ENABLE_OBJC_WEAK = YES;
				COPY_PHASE_STRIP = NO;
				DEBUG_INFORMATION_FORMAT = "dwarf-with-dsym";
				ENABLE_NS_ASSERTIONS = NO;
				ENABLE_STRICT_OBJC_MSGSEND = YES;
				GCC_C_LANGUAGE_STANDARD = gnu17;
				GCC_NO_COMMON_BLOCKS = YES;
				IPHONEOS_DEPLOYMENT_TARGET = 16.0;
				MTL_FAST_MATH = YES;
				SDKROOT = iphoneos;
				SWIFT_COMPILATION_MODE = wholemodule;
				SWIFT_OPTIMIZATION_LEVEL = "-O";
				VALIDATE_PRODUCT = YES;
			};
			name = Release;
		};
		89BCB53BD1904105B5F6DAA6 /* Debug */ = {
			isa = XCBuildConfiguration;
			buildSettings = {
				ASSETCATALOG_COMPILER_APPICON_NAME = AppIcon;
				ASSETCATALOG_COMPILER_GLOBAL_ACCENT_COLOR_NAME = AccentColor;
				CODE_SIGN_STYLE = Automatic;
				CURRENT_PROJECT_VERSION = 2;
				GENERATE_INFOPLIST_FILE = NO;
				INFOPLIST_FILE = LuxuryHomePlans/Info.plist;
				LD_RUNPATH_SEARCH_PATHS = (
					"$(inherited)",
					"@executable_path/Frameworks",
				);
				MARKETING_VERSION = 1.0;
				PRODUCT_BUNDLE_IDENTIFIER = com.jameswilliams.luxuryhomeplans;
				PRODUCT_NAME = "$(TARGET_NAME)";
				SWIFT_EMIT_LOC_STRINGS = YES;
				SWIFT_VERSION = 5.0;
				TARGETED_DEVICE_FAMILY = "1,2";
			};
			name = Debug;
		};
		95931523EF2140D49C57AE32 /* Release */ = {
			isa = XCBuildConfiguration;
			buildSettings = {
				ASSETCATALOG_COMPILER_APPICON_NAME = AppIcon;
				ASSETCATALOG_COMPILER_GLOBAL_ACCENT_COLOR_NAME = AccentColor;
				CODE_SIGN_STYLE = Automatic;
				CURRENT_PROJECT_VERSION = 2;
				GENERATE_INFOPLIST_FILE = NO;
				INFOPLIST_FILE = LuxuryHomePlans/Info.plist;
				LD_RUNPATH_SEARCH_PATHS = (
					"$(inherited)",
					"@executable_path/Frameworks",
				);
				MARKETING_VERSION = 1.0;
				PRODUCT_BUNDLE_IDENTIFIER = com.jameswilliams.luxuryhomeplans;
				PRODUCT_NAME = "$(TARGET_NAME)";
				SWIFT_EMIT_LOC_STRINGS = YES;
				SWIFT_VERSION = 5.0;
				TARGETED_DEVICE_FAMILY = "1,2";
			};
			name = Release;
		};
/* End XCBuildConfiguration section */

/* Begin XCConfigurationList section */
		281A5FB2E7DF4EBBAB8268C0_CONFIG_LIST /* Build configuration list for PBXProject "LuxuryHomePlans" */ = {
			isa = XCConfigurationList;
			buildConfigurations = (
				C5A788BE0689427BA608DCAD /* Debug */,
				CB0984B673EF4F18A379AC08 /* Release */,
			);
			defaultConfigurationIsVisible = 0;
			defaultConfigurationName = Release;
		};
		3FF5392580DD4603B66BF95F_CONFIG_LIST /* Build configuration list for PBXNativeTarget "LuxuryHomePlans" */ = {
			isa = XCConfigurationList;
			buildConfigurations = (
				89BCB53BD1904105B5F6DAA6 /* Debug */,
				95931523EF2140D49C57AE32 /* Release */,
			);
			defaultConfigurationIsVisible = 0;
			defaultConfigurationName = Release;
		};
/* End XCConfigurationList section */
	};
	rootObject = 281A5FB2E7DF4EBBAB8268C0 /* Project object */;
}
